PODS:
  - Flutter (1.0.0)
  - flutter_resonance_audio (0.0.1):
    - Flutter
    - GVRAudioSDK
  - GVRAudioSDK (1.140.0)

DEPENDENCIES:
  - Flutter (from `.symlinks/flutter/ios-release`)
  - flutter_resonance_audio (from `.symlinks/plugins/flutter_resonance_audio/ios`)

SPEC REPOS:
  https://github.com/cocoapods/specs.git:
    - GVRAudioSDK

EXTERNAL SOURCES:
  Flutter:
    :path: ".symlinks/flutter/ios-release"
  flutter_resonance_audio:
    :path: ".symlinks/plugins/flutter_resonance_audio/ios"

SPEC CHECKSUMS:
  Flutter: 0e3d915762c693b495b44d77113d4970485de6ec
  flutter_resonance_audio: 1560f23ec98d2803eb2927a36e86be6aa6854c8b
  GVRAudioSDK: bd444fd786ff3191cb1a33774253908b57e5710d

PODFILE CHECKSUM: b6a0a141693093b304368d08511b46cf3d1d0ac5

COCOAPODS: 1.7.5
